
Microsoft Visual Studio Solution File, Format Version 12.00
# Visual Studio Version 16
VisualStudioVersion = 16.0.30804.86
MinimumVisualStudioVersion = 10.0.40219.1
Project("{FAE04EC0-301F-11D3-BF4B-00C04F79EFBC}") = "Lesson4", "Lesson4\Lesson4.csproj", "{D27EB54A-BC6E-4B97-B89B-280A6E9C6A41}"
EndProject
Global
	GlobalSection(SolutionConfigurationPlatforms) = preSolution
		Debug|Any CPU = Debug|Any CPU
		Release|Any CPU = Release|Any CPU
	EndGlobalSection
	GlobalSection(ProjectConfigurationPlatforms) = postSolution
		{D27EB54A-BC6E-4B97-B89B-280A6E9C6A41}.Debug|Any CPU.ActiveCfg = Debug|Any CPU
		{D27EB54A-BC6E-4B97-B89B-280A6E9C6A41}.Debug|Any CPU.Build.0 = Debug|Any CPU
		{D27EB54A-BC6E-4B97-B89B-280A6E9C6A41}.Release|Any CPU.ActiveCfg = Release|Any CPU
		{D27EB54A-BC6E-4B97-B89B-280A6E9C6A41}.Release|Any CPU.Build.0 = Release|Any CPU
	EndGlobalSection
	GlobalSection(SolutionProperties) = preSolution
		HideSolutionNode = FALSE
	EndGlobalSection
	GlobalSection(ExtensibilityGlobals) = postSolution
		SolutionGuid = {11C676A6-728A-495E-835A-DC7B7D5BE9E2}
	EndGlobalSection
EndGlobal
